
Microsoft Visual Studio Solution File, Format Version 12.00
# Visual Studio Version 16
VisualStudioVersion = 16.0.31424.327
MinimumVisualStudioVersion = 10.0.40219.1
Project("{FAE04EC0-301F-11D3-BF4B-00C04F79EFBC}") = "ASP MVC", "ASP MVC\ASP MVC.csproj", "{85BD090C-FDDA-461B-8013-1BDAA5C34F7F}"
EndProject
Global
	GlobalSection(SolutionConfigurationPlatforms) = preSolution
		Debug|Any CPU = Debug|Any CPU
		Release|Any CPU = Release|Any CPU
	EndGlobalSection
	GlobalSection(ProjectConfigurationPlatforms) = postSolution
		{85BD090C-FDDA-461B-8013-1BDAA5C34F7F}.Debug|Any CPU.ActiveCfg = Debug|Any CPU
		{85BD090C-FDDA-461B-8013-1BDAA5C34F7F}.Debug|Any CPU.Build.0 = Debug|Any CPU
		{85BD090C-FDDA-461B-8013-1BDAA5C34F7F}.Release|Any CPU.ActiveCfg = Release|Any CPU
		{85BD090C-FDDA-461B-8013-1BDAA5C34F7F}.Release|Any CPU.Build.0 = Release|Any CPU
	EndGlobalSection
	GlobalSection(SolutionProperties) = preSolution
		HideSolutionNode = FALSE
	EndGlobalSection
	GlobalSection(ExtensibilityGlobals) = postSolution
		SolutionGuid = {BE4FEB2D-FB31-46C3-AAEA-B8E99912F5FA}
	EndGlobalSection
EndGlobal
